
Microsoft Visual Studio Solution File, Format Version 11.00
# Visual Studio 2010
Project("{FAE04EC0-301F-11D3-BF4B-00C04F79EFBC}") = "Artnman.Core", "Artnman.Core\Artnman.Core.csproj", "{62C37BAA-DB1B-4BBD-935D-894AF49CA52A}"
EndProject
Project("{FAE04EC0-301F-11D3-BF4B-00C04F79EFBC}") = "Artnman.Bulletin", "Artnman.News\Artnman.Bulletin.csproj", "{9CC86859-5804-4749-A8EF-4B25361C8E95}"
EndProject
Project("{FAE04EC0-301F-11D3-BF4B-00C04F79EFBC}") = "Artnman.Commerce", "Artnman.Product\Artnman.Commerce.csproj", "{5F01D902-DB6F-426F-9666-AAAC22B36FF5}"
EndProject
Project("{FAE04EC0-301F-11D3-BF4B-00C04F79EFBC}") = "Artnman.Content", "Artnman.Content\Artnman.Content.csproj", "{552D46A1-185A-47CE-93FB-66341A6869CB}"
EndProject
Project("{FAE04EC0-301F-11D3-BF4B-00C04F79EFBC}") = "Website.Cloud", "Website.Cloud\Website.Cloud.csproj", "{197AB787-451F-4E54-B5BE-BD3521EA9AA8}"
EndProject
Global
	GlobalSection(SolutionConfigurationPlatforms) = preSolution
		Debug|Any CPU = Debug|Any CPU
		Release|Any CPU = Release|Any CPU
	EndGlobalSection
	GlobalSection(ProjectConfigurationPlatforms) = postSolution
		{62C37BAA-DB1B-4BBD-935D-894AF49CA52A}.Debug|Any CPU.ActiveCfg = Debug|Any CPU
		{62C37BAA-DB1B-4BBD-935D-894AF49CA52A}.Debug|Any CPU.Build.0 = Debug|Any CPU
		{62C37BAA-DB1B-4BBD-935D-894AF49CA52A}.Release|Any CPU.ActiveCfg = Release|Any CPU
		{62C37BAA-DB1B-4BBD-935D-894AF49CA52A}.Release|Any CPU.Build.0 = Release|Any CPU
		{9CC86859-5804-4749-A8EF-4B25361C8E95}.Debug|Any CPU.ActiveCfg = Debug|Any CPU
		{9CC86859-5804-4749-A8EF-4B25361C8E95}.Debug|Any CPU.Build.0 = Debug|Any CPU
		{9CC86859-5804-4749-A8EF-4B25361C8E95}.Release|Any CPU.ActiveCfg = Release|Any CPU
		{9CC86859-5804-4749-A8EF-4B25361C8E95}.Release|Any CPU.Build.0 = Release|Any CPU
		{5F01D902-DB6F-426F-9666-AAAC22B36FF5}.Debug|Any CPU.ActiveCfg = Debug|Any CPU
		{5F01D902-DB6F-426F-9666-AAAC22B36FF5}.Debug|Any CPU.Build.0 = Debug|Any CPU
		{5F01D902-DB6F-426F-9666-AAAC22B36FF5}.Release|Any CPU.ActiveCfg = Release|Any CPU
		{5F01D902-DB6F-426F-9666-AAAC22B36FF5}.Release|Any CPU.Build.0 = Release|Any CPU
		{552D46A1-185A-47CE-93FB-66341A6869CB}.Debug|Any CPU.ActiveCfg = Debug|Any CPU
		{552D46A1-185A-47CE-93FB-66341A6869CB}.Debug|Any CPU.Build.0 = Debug|Any CPU
		{552D46A1-185A-47CE-93FB-66341A6869CB}.Release|Any CPU.ActiveCfg = Release|Any CPU
		{552D46A1-185A-47CE-93FB-66341A6869CB}.Release|Any CPU.Build.0 = Release|Any CPU
		{197AB787-451F-4E54-B5BE-BD3521EA9AA8}.Debug|Any CPU.ActiveCfg = Debug|Any CPU
		{197AB787-451F-4E54-B5BE-BD3521EA9AA8}.Debug|Any CPU.Build.0 = Debug|Any CPU
		{197AB787-451F-4E54-B5BE-BD3521EA9AA8}.Release|Any CPU.ActiveCfg = Release|Any CPU
		{197AB787-451F-4E54-B5BE-BD3521EA9AA8}.Release|Any CPU.Build.0 = Release|Any CPU
	EndGlobalSection
	GlobalSection(SolutionProperties) = preSolution
		HideSolutionNode = FALSE
	EndGlobalSection
EndGlobal
